{
  "name": "collabtask-backend",
  "version": "1.0.0",
  "lockfileVersion": 3,
  "requires": true,
  "packages": {
    "": {
      "name": "collabtask-backend",
      "version": "1.0.0",
      "license": "MIT",
      "dependencies": {
        "express": "^4.18.2",
        "mongoose": "^7.5.0",
        "socket.io": "^4.7.2",
        "jsonwebtoken": "^9.0.2",
        "bcryptjs": "^2.4.3",
        "cors": "^2.8.5",
        "helmet": "^7.0.0",
        "express-rate-limit": "^6.10.0",
        "express-validator": "^7.0.1",
        "winston": "^3.10.0",
        "compression": "^1.7.4",
        "dotenv": "^16.3.1",
        "redis": "^4.6.8",
        "multer": "^1.4.5-lts.1",
        "joi": "^17.9.2",
        "swagger-jsdoc": "^6.2.8",
        "swagger-ui-express": "^5.0.0"
      }
    }
  },
  "dependencies": {
    "express": {
      "version": "4.18.2",
      "resolved": "https://registry.npmjs.org/express/-/express-4.18.2.tgz",
      "integrity": "sha512-5/PsL6iGPdfQ/lKM1UuielYgv3BUoJfz1aUwU9vHZ+J7gyvwdQXFEBIEIaxeGf0GIcreATNyBExtalisDbuMqQ==",
      "requires": {
        "accepts": "~1.3.8",
        "array-flatten": "1.1.1",
        "body-parser": "1.20.1",
        "content-disposition": "0.5.4",
        "cookie": "0.5.0",
        "debug": "2.6.9",
        "depd": "2.0.0",
        "encodeurl": "~1.0.2",
        "escape-html": "~1.0.3",
        "etag": "~1.8.1",
        "finalhandler": "1.2.0",
        "fresh": "0.5.2",
        "http-errors": "2.0.0",
        "merge-descriptors": "1.0.1",
        "methods": "~1.1.2",
        "parseurl": "~1.3.3",
        "path-to-regexp": "0.1.7",
        "proxy-addr": "~2.0.7",
        "qs": "6.11.0",
        "range-parser": "~1.2.1",
        "safe-buffer": "5.2.1",
        "send": "0.18.0",
        "serve-static": "1.15.0",
        "setprototypeof": "1.2.0",
        "statuses": "2.0.1",
        "type-is": "~1.6.18",
        "utils-merge": "1.0.1",
        "vary": "~1.1.2"
      }
    },
    "mongoose": {
      "version": "7.5.0",
      "resolved": "https://registry.npmjs.org/mongoose/-/mongoose-7.5.0.tgz",
      "integrity": "sha512-FpJWObxrY7ziRO/rEwYeN7gSlN5jQb8oR6N8iD/5rS9v8bHfmK6i7DTTzDtSuqU0rI6wF7lXzN8zQ1o9lP6B3Xw==",
      "requires": {
        "bson": "^5.4.0",
        "kareem": "2.5.1",
        "mongodb": "5.7.0",
        "mpath": "0.9.0",
        "mquery": "5.0.0",
        "ms": "2.1.3",
        "sift": "16.0.1"
      }
    },
    "socket.io": {
      "version": "4.7.2",
      "resolved": "https://registry.npmjs.org/socket.io/-/socket.io-4.7.2.tgz",
      "integrity": "sha512-bUhKuaq2Y8l1zGgp7tE5y3xD7bG5eV8I9Z5k8gGtbJz4hE4E5y9H6h9k8K8dC+xy4b4x+6Q1PzH+g+3E8lK6wA==",
      "requires": {
        "accepts": "~1.3.4",
        "base64id": "~2.0.0",
        "cookie": "~0.4.2",
        "engine.io": "~6.5.0",
        "socket.io-adapter": "~2.5.2",
        "socket.io-parser": "~4.2.4"
      }
    },
    "jsonwebtoken": {
      "version": "9.0.2",
      "resolved": "https://registry.npmjs.org/jsonwebtoken/-/jsonwebtoken-9.0.2.tgz",
      "integrity": "sha512-PRDX6SKTR2JE6lNen/UlrJCIJ7xF4Coo4yB9B9Ut3FHM4L3B/4I/4qKQ1YvHmgUPp8yTTZqG9r2WnX8J8Y9lWQ==",
      "requires": {
        "jws": "^3.2.2",
        "lodash.includes": "^4.3.0",
        "lodash.isboolean": "^3.0.3",
        "lodash.isinteger": "^4.0.4",
        "lodash.isnumber": "^3.0.3",
        "lodash.isplainobject": "^4.0.6",
        "lodash.isstring": "^4.0.1",
        "lodash.once": "^4.0.0",
        "ms": "^2.1.1"
      }
    },
    "bcryptjs": {
      "version": "2.4.3",
      "resolved": "https://registry.npmjs.org/bcryptjs/-/bcryptjs-2.4.3.tgz",
      "integrity": "sha512-V/Hy/X9Vt7f3BbPJEiuxBdDy/9L7VzOzAONzJ1HfSYLO6WsmZgugiIRylKdhetfTqm/M5Vlb/dgR+rGv+U3r8g=="
    },
    "cors": {
      "version": "2.8.5",
      "resolved": "https://registry.npmjs.org/cors/-/cors-2.8.5.tgz",
      "integrity": "sha512-K6IHOLjyqU4apWEmIVxGrUrCeB39lyDlUk0r7VIpX5yYcn9H3I/p2A4U2fr3d/6kM4n+L2OQg==",
      "requires": {
        "object-assign": "^4",
        "vary": "^1"
      }
    },
    "helmet": {
      "version": "7.0.0",
      "resolved": "https://registry.npmjs.org/helmet/-/helmet-7.0.0.tgz",
      "integrity": "sha512-MvxRiGBIAA8U0G4SOK0d4IPf8zD4qA3YJpg8G5kW8Jf8z8G4wGpwX6r9zN4+7W5R8s8gVJ4XWq8lQ2o8b4pT5g=="
    },
    "express-rate-limit": {
      "version": "6.10.0",
      "resolved": "https://registry.npmjs.org/express-rate-limit/-/express-rate-limit-6.10.0.tgz",
      "integrity": "sha512-CiYuS7YqC9gX9l8dL1J6k0rZ2KkQ6v7n9jS2t4t9x4tZ1L6x+5X3mW4rMfR8v4wI8LrP7O2Z6G6d6q6sW7Ysg==",
      "requires": {}
    },
    "express-validator": {
      "version": "7.0.1",
      "resolved": "https://registry.npmjs.org/express-validator/-/express-validator-7.0.1.tgz",
      "integrity": "sha512-oJ+bCAx0xU2rbQdXz6Y2HqW9Z4V+1U2C0b3vM4bF9M6J0t7W8cS6jA+4F6wM8s4X6P8s4y0mO7S8W5b9C6Qj1gw==",
      "requires": {
        "lodash": "^4.17.21",
        "validator": "^13.9.0"
      }
    },
    "winston": {
      "version": "3.10.0",
      "resolved": "https://registry.npmjs.org/winston/-/winston-3.10.0.tgz",
      "integrity": "sha512-nT6SIDaE9Y7r/AW3jJbNirAnZ/EHr7fNujuQWuKgeP4CET8kv0XXK/f1i3e8Qq88m8S7mDK8zZxb5F4g2zI8Qg==",
      "requires": {
        "@colors/colors": "1.5.0",
        "@dabh/diagnostics": "^2.0.2",
        "async": "^3.2.4",
        "is-stream": "^2.0.0",
        "logform": "^2.4.2",
        "one-time": "^1.0.0",
        "readable-stream": "^3.4.0",
        "safe-stable-stringify": "^2.3.1",
        "stack-trace": "0.0.x",
        "triple-beam": "^1.3.0",
        "winston-transport": "^4.5.0"
      }
    },
    "compression": {
      "version": "1.7.4",
      "resolved": "https://registry.npmjs.org/compression/-/compression-1.7.4.tgz",
      "integrity": "sha512-jaSIDzP9pZVS4ZfQ+TzvtiWhdpFhE2RDHz8QJkpX9SIpLq88VueF5jJw6t+6CUQcAoA6t+x89MLrWAqpfDE8iQ==",
      "requires": {
        "accepts": "~1.3.5",
        "bytes": "3.0.0",
        "compressible": "~2.0.16",
        "debug": "2.6.9",
        "on-headers": "~1.0.2",
        "safe-buffer": "5.1.2",
        "vary": "~1.1.2"
      }
    },
    "dotenv": {
      "version": "16.3.1",
      "resolved": "https://registry.npmjs.org/dotenv/-/dotenv-16.3.1.tgz",
      "integrity": "sha512-IPzF4w4R5ZwEyJoPaplNsKGNEhaByorird2TzWgmhuVNGNelzrXBjytinNnefSS1kCIBzGb5iAQ0I0jQIm94thg=="
    },
    "redis": {
      "version": "4.6.8",
      "resolved": "https://registry.npmjs.org/redis/-/redis-4.6.8.tgz",
      "integrity": "sha512-UPjJ8i4Z2K0kE3p8a4U9f3V2cO8gXz3+8S9L6h1K5W8k6lJ4a6t7p7h5vV1O3lB6F5W5W8kZ1KzY5j5x5j8wM5m7w==",
      "requires": {
        "@redis/client": "^1.5.9",
        "@redis/search": "^1.1.3",
        "@redis/time-series": "^1.0.4"
      }
    },
    "multer": {
      "version": "1.4.5-lts.1",
      "resolved": "https://registry.npmjs.org/multer/-/multer-1.4.5-lts.1.tgz",
      "integrity": "sha512-ywPWvcDMeF+zAUgemChMwq4izE/orL6/Cw8cYATA0gfbv5Pt8D5kO7lJ6f2gPZ2C7MNN1U8Y4J0pBql5q8qT5w==",
      "requires": {
        "append-field": "^1.0.0",
        "busboy": "^1.6.0",
        "concat-stream": "^1.5.2",
        "mkdirp": "^0.5.4",
        "object-assign": "^4.1.1",
        "type-is": "^1.6.4",
        "xtend": "^4.0.0"
      }
    },
    "joi": {
      "version": "17.9.2",
      "resolved": "https://registry.npmjs.org/joi/-/joi-17.9.2.tgz",
      "integrity": "sha512-ITkAf11KyB8G9XhH0ZJ6tZ/6YDJ7zB8q3J7xVJ2jP8hZ4j5L6o7qL0n1c1r8dQ4q2c7H5R8y4+5q2Y9b7u7Ylg==",
      "requires": {
        "@hapi/hoek": "^9.0.0",
        "@hapi/topo": "^5.0.0",
        "@sideway/formula": "^3.0.1",
        "@sideway/pinpoint": "^2.0.0"
      }
    },
    "swagger-jsdoc": {
      "version": "6.2.8",
      "resolved": "https://registry.npmjs.org/swagger-jsdoc/-/swagger-jsdoc-6.2.8.tgz",
      "integrity": "sha512-VPvilOL+PTxpYSZwffI6JVGFWmTwRzu9UOW2jW5gruUjqFCOAUcDRT+L/UQ1C+HcA0OPOUcVAa5oT2g4V9z3vg==",
      "requires": {
        "commander": "6.2.0",
        "doctrine": "3.0.0",
        "glob": "8.1.0",
        "lodash.mergewith": "^4.6.2",
        "swagger-parser": "^10.0.3"
      }
    },
    "swagger-ui-express": {
      "version": "5.0.0",
      "resolved": "https://registry.npmjs.org/swagger-ui-express/-/swagger-ui-express-5.0.0.tgz",
      "integrity": "sha512-tsU9tODVvKfkRI7C2A+ZkEepD6N4oDo4n3N3l/0dR8K4oV8x8hQZCOuGzM4lB7L9I0x5Y8eU7J5w4m5k7J3cTw==",
      "requires": {
        "swagger-ui-dist": ">=5.0.0"
      }
    }
  }
}